
Microsoft Visual Studio Solution File, Format Version 12.00
# Visual Studio Version 17
VisualStudioVersion = 17.14.36221.1
MinimumVisualStudioVersion = 10.0.40219.1
Project("{2150E333-8FDC-42A3-9474-1A3956D46DE8}") = "src", "src", "{02EA681E-C7D8-13C7-8484-4AC65E1B71E8}"
EndProject
Project("{2150E333-8FDC-42A3-9474-1A3956D46DE8}") = "API", "API", "{3D80D336-06C3-4B59-B6CA-57926B8C96BD}"
EndProject
Project("{2150E333-8FDC-42A3-9474-1A3956D46DE8}") = "Application", "Application", "{E2149BF1-2496-4010-BC50-9668205D5900}"
EndProject
Project("{2150E333-8FDC-42A3-9474-1A3956D46DE8}") = "Domain", "Domain", "{9CB8CC08-6244-443E-AE53-68E73616EA49}"
EndProject
Project("{2150E333-8FDC-42A3-9474-1A3956D46DE8}") = "Infrastructure", "Infrastructure", "{108259BA-9B13-4248-B6F4-B28FB5B1F779}"
EndProject
Project("{2150E333-8FDC-42A3-9474-1A3956D46DE8}") = "SharedKernel", "SharedKernel", "{60EB996F-FD5A-4D42-A6FC-FDC640F39820}"
EndProject
Project("{2150E333-8FDC-42A3-9474-1A3956D46DE8}") = "UI", "UI", "{F77BC512-487B-4CC5-B3EA-828456BFA3E1}"
EndProject
Project("{FAE04EC0-301F-11D3-BF4B-00C04F79EFBC}") = "BillingSystem.API", "src\BillingSystem.API\BillingSystem.API.csproj", "{1A23F45F-71F6-489E-959E-39ED12696C9C}"
EndProject
Project("{FAE04EC0-301F-11D3-BF4B-00C04F79EFBC}") = "BillingSystem.Application", "src\BillingSystem.Application\BillingSystem.Application.csproj", "{77D09F66-C5CF-41F2-AB55-E19F230A490B}"
EndProject
Project("{FAE04EC0-301F-11D3-BF4B-00C04F79EFBC}") = "BillingSystem.Application.Contracts", "src\BillingSystem.Application.Contracts\BillingSystem.Application.Contracts.csproj", "{31890604-E45D-4281-B49A-E9B9FC303101}"
EndProject
Project("{FAE04EC0-301F-11D3-BF4B-00C04F79EFBC}") = "BillingSystem.Domain", "src\BillingSystem.Domain\BillingSystem.Domain.csproj", "{57B27CFE-32E3-4EB6-AA46-B4F8285174B4}"
EndProject
Project("{FAE04EC0-301F-11D3-BF4B-00C04F79EFBC}") = "BillingSystem.Domain.Contracts", "src\BillingSystem.Domain.Contracts\BillingSystem.Domain.Contracts.csproj", "{37411693-28CF-4E3A-8EB5-2500C30F8F99}"
EndProject
Project("{FAE04EC0-301F-11D3-BF4B-00C04F79EFBC}") = "BillingSystem.SharedKernel", "src\BillingSystem.SharedKernel\BillingSystem.SharedKernel.csproj", "{5CF4AD31-ABE8-46F1-AEC1-D5FEDF699E8B}"
EndProject
Project("{FAE04EC0-301F-11D3-BF4B-00C04F79EFBC}") = "BillingSystem.Infrastructure", "src\BillingSystem.Infrastructure\BillingSystem.Infrastructure.csproj", "{6DEFBEAD-F281-46C1-A69A-7EF387F02AA4}"
EndProject
Project("{2150E333-8FDC-42A3-9474-1A3956D46DE8}") = "Tests", "Tests", "{90CD47F5-DDAB-4885-BC27-6D84199A1A08}"
EndProject
Project("{FAE04EC0-301F-11D3-BF4B-00C04F79EFBC}") = "BillingSystem.Web", "src\BillingSystem.Web\BillingSystem.Web.csproj", "{2B72065B-E271-40F3-BC37-B0FBB365A344}"
EndProject
Project("{2150E333-8FDC-42A3-9474-1A3956D46DE8}") = "Workers", "Workers", "{99993F38-5EF3-4D51-A5F2-074B2B2150C5}"
EndProject
Project("{FAE04EC0-301F-11D3-BF4B-00C04F79EFBC}") = "BillingSystem.PaymentOrchestrator", "src\BillingSystem.PaymentOrchestrator\BillingSystem.PaymentOrchestrator.csproj", "{5ADF62BF-F558-45C1-B412-6DA3122715D6}"
EndProject
Project("{FAE04EC0-301F-11D3-BF4B-00C04F79EFBC}") = "BillingSystem.OutboxProcessor", "src\BillingSystem.OutboxProcessor\BillingSystem.OutboxProcessor.csproj", "{C203F45E-C5D2-464C-92F0-C8E8F90A3A39}"
EndProject
Project("{FAE04EC0-301F-11D3-BF4B-00C04F79EFBC}") = "BillingSystem.CallbackAPI", "src\BillingSystem.CallbackAPI\BillingSystem.CallbackAPI.csproj", "{BB24B431-DA6D-4617-A3A2-227910EE83F1}"
EndProject
Global
	GlobalSection(SolutionConfigurationPlatforms) = preSolution
		Debug|Any CPU = Debug|Any CPU
		Release|Any CPU = Release|Any CPU
	EndGlobalSection
	GlobalSection(ProjectConfigurationPlatforms) = postSolution
		{1A23F45F-71F6-489E-959E-39ED12696C9C}.Debug|Any CPU.ActiveCfg = Debug|Any CPU
		{1A23F45F-71F6-489E-959E-39ED12696C9C}.Debug|Any CPU.Build.0 = Debug|Any CPU
		{1A23F45F-71F6-489E-959E-39ED12696C9C}.Release|Any CPU.ActiveCfg = Release|Any CPU
		{1A23F45F-71F6-489E-959E-39ED12696C9C}.Release|Any CPU.Build.0 = Release|Any CPU
		{77D09F66-C5CF-41F2-AB55-E19F230A490B}.Debug|Any CPU.ActiveCfg = Debug|Any CPU
		{77D09F66-C5CF-41F2-AB55-E19F230A490B}.Debug|Any CPU.Build.0 = Debug|Any CPU
		{77D09F66-C5CF-41F2-AB55-E19F230A490B}.Release|Any CPU.ActiveCfg = Release|Any CPU
		{77D09F66-C5CF-41F2-AB55-E19F230A490B}.Release|Any CPU.Build.0 = Release|Any CPU
		{31890604-E45D-4281-B49A-E9B9FC303101}.Debug|Any CPU.ActiveCfg = Debug|Any CPU
		{31890604-E45D-4281-B49A-E9B9FC303101}.Debug|Any CPU.Build.0 = Debug|Any CPU
		{31890604-E45D-4281-B49A-E9B9FC303101}.Release|Any CPU.ActiveCfg = Release|Any CPU
		{31890604-E45D-4281-B49A-E9B9FC303101}.Release|Any CPU.Build.0 = Release|Any CPU
		{57B27CFE-32E3-4EB6-AA46-B4F8285174B4}.Debug|Any CPU.ActiveCfg = Debug|Any CPU
		{57B27CFE-32E3-4EB6-AA46-B4F8285174B4}.Debug|Any CPU.Build.0 = Debug|Any CPU
		{57B27CFE-32E3-4EB6-AA46-B4F8285174B4}.Release|Any CPU.ActiveCfg = Release|Any CPU
		{57B27CFE-32E3-4EB6-AA46-B4F8285174B4}.Release|Any CPU.Build.0 = Release|Any CPU
		{37411693-28CF-4E3A-8EB5-2500C30F8F99}.Debug|Any CPU.ActiveCfg = Debug|Any CPU
		{37411693-28CF-4E3A-8EB5-2500C30F8F99}.Debug|Any CPU.Build.0 = Debug|Any CPU
		{37411693-28CF-4E3A-8EB5-2500C30F8F99}.Release|Any CPU.ActiveCfg = Release|Any CPU
		{37411693-28CF-4E3A-8EB5-2500C30F8F99}.Release|Any CPU.Build.0 = Release|Any CPU
		{5CF4AD31-ABE8-46F1-AEC1-D5FEDF699E8B}.Debug|Any CPU.ActiveCfg = Debug|Any CPU
		{5CF4AD31-ABE8-46F1-AEC1-D5FEDF699E8B}.Debug|Any CPU.Build.0 = Debug|Any CPU
		{5CF4AD31-ABE8-46F1-AEC1-D5FEDF699E8B}.Release|Any CPU.ActiveCfg = Release|Any CPU
		{5CF4AD31-ABE8-46F1-AEC1-D5FEDF699E8B}.Release|Any CPU.Build.0 = Release|Any CPU
		{6DEFBEAD-F281-46C1-A69A-7EF387F02AA4}.Debug|Any CPU.ActiveCfg = Debug|Any CPU
		{6DEFBEAD-F281-46C1-A69A-7EF387F02AA4}.Debug|Any CPU.Build.0 = Debug|Any CPU
		{6DEFBEAD-F281-46C1-A69A-7EF387F02AA4}.Release|Any CPU.ActiveCfg = Release|Any CPU
		{6DEFBEAD-F281-46C1-A69A-7EF387F02AA4}.Release|Any CPU.Build.0 = Release|Any CPU
		{2B72065B-E271-40F3-BC37-B0FBB365A344}.Debug|Any CPU.ActiveCfg = Debug|Any CPU
		{2B72065B-E271-40F3-BC37-B0FBB365A344}.Debug|Any CPU.Build.0 = Debug|Any CPU
		{2B72065B-E271-40F3-BC37-B0FBB365A344}.Release|Any CPU.ActiveCfg = Release|Any CPU
		{2B72065B-E271-40F3-BC37-B0FBB365A344}.Release|Any CPU.Build.0 = Release|Any CPU
		{5ADF62BF-F558-45C1-B412-6DA3122715D6}.Debug|Any CPU.ActiveCfg = Debug|Any CPU
		{5ADF62BF-F558-45C1-B412-6DA3122715D6}.Debug|Any CPU.Build.0 = Debug|Any CPU
		{5ADF62BF-F558-45C1-B412-6DA3122715D6}.Release|Any CPU.ActiveCfg = Release|Any CPU
		{5ADF62BF-F558-45C1-B412-6DA3122715D6}.Release|Any CPU.Build.0 = Release|Any CPU
		{C203F45E-C5D2-464C-92F0-C8E8F90A3A39}.Debug|Any CPU.ActiveCfg = Debug|Any CPU
		{C203F45E-C5D2-464C-92F0-C8E8F90A3A39}.Debug|Any CPU.Build.0 = Debug|Any CPU
		{C203F45E-C5D2-464C-92F0-C8E8F90A3A39}.Release|Any CPU.ActiveCfg = Release|Any CPU
		{C203F45E-C5D2-464C-92F0-C8E8F90A3A39}.Release|Any CPU.Build.0 = Release|Any CPU
		{BB24B431-DA6D-4617-A3A2-227910EE83F1}.Debug|Any CPU.ActiveCfg = Debug|Any CPU
		{BB24B431-DA6D-4617-A3A2-227910EE83F1}.Debug|Any CPU.Build.0 = Debug|Any CPU
		{BB24B431-DA6D-4617-A3A2-227910EE83F1}.Release|Any CPU.ActiveCfg = Release|Any CPU
		{BB24B431-DA6D-4617-A3A2-227910EE83F1}.Release|Any CPU.Build.0 = Release|Any CPU
	EndGlobalSection
	GlobalSection(SolutionProperties) = preSolution
		HideSolutionNode = FALSE
	EndGlobalSection
	GlobalSection(NestedProjects) = preSolution
		{3D80D336-06C3-4B59-B6CA-57926B8C96BD} = {02EA681E-C7D8-13C7-8484-4AC65E1B71E8}
		{E2149BF1-2496-4010-BC50-9668205D5900} = {02EA681E-C7D8-13C7-8484-4AC65E1B71E8}
		{9CB8CC08-6244-443E-AE53-68E73616EA49} = {02EA681E-C7D8-13C7-8484-4AC65E1B71E8}
		{108259BA-9B13-4248-B6F4-B28FB5B1F779} = {02EA681E-C7D8-13C7-8484-4AC65E1B71E8}
		{60EB996F-FD5A-4D42-A6FC-FDC640F39820} = {02EA681E-C7D8-13C7-8484-4AC65E1B71E8}
		{F77BC512-487B-4CC5-B3EA-828456BFA3E1} = {02EA681E-C7D8-13C7-8484-4AC65E1B71E8}
		{1A23F45F-71F6-489E-959E-39ED12696C9C} = {3D80D336-06C3-4B59-B6CA-57926B8C96BD}
		{77D09F66-C5CF-41F2-AB55-E19F230A490B} = {E2149BF1-2496-4010-BC50-9668205D5900}
		{31890604-E45D-4281-B49A-E9B9FC303101} = {E2149BF1-2496-4010-BC50-9668205D5900}
		{57B27CFE-32E3-4EB6-AA46-B4F8285174B4} = {9CB8CC08-6244-443E-AE53-68E73616EA49}
		{37411693-28CF-4E3A-8EB5-2500C30F8F99} = {9CB8CC08-6244-443E-AE53-68E73616EA49}
		{5CF4AD31-ABE8-46F1-AEC1-D5FEDF699E8B} = {60EB996F-FD5A-4D42-A6FC-FDC640F39820}
		{6DEFBEAD-F281-46C1-A69A-7EF387F02AA4} = {108259BA-9B13-4248-B6F4-B28FB5B1F779}
		{2B72065B-E271-40F3-BC37-B0FBB365A344} = {F77BC512-487B-4CC5-B3EA-828456BFA3E1}
		{99993F38-5EF3-4D51-A5F2-074B2B2150C5} = {02EA681E-C7D8-13C7-8484-4AC65E1B71E8}
		{5ADF62BF-F558-45C1-B412-6DA3122715D6} = {99993F38-5EF3-4D51-A5F2-074B2B2150C5}
		{C203F45E-C5D2-464C-92F0-C8E8F90A3A39} = {99993F38-5EF3-4D51-A5F2-074B2B2150C5}
		{BB24B431-DA6D-4617-A3A2-227910EE83F1} = {3D80D336-06C3-4B59-B6CA-57926B8C96BD}
	EndGlobalSection
	GlobalSection(ExtensibilityGlobals) = postSolution
		SolutionGuid = {3C570B27-1FD6-46C3-B2A0-11A1A5960A0D}
	EndGlobalSection
EndGlobal
